
Microsoft Visual Studio Solution File, Format Version 12.00
# Visual Studio Version 16
VisualStudioVersion = 16.0.28531.58
MinimumVisualStudioVersion = 10.0.40219.1
Project("{FAE04EC0-301F-11D3-BF4B-00C04F79EFBC}") = "[01] First Window", "[01] First Window\[01] First Window.csproj", "{B227F6FE-F37E-4A59-B164-3C4055F73D22}"
EndProject
Project("{FAE04EC0-301F-11D3-BF4B-00C04F79EFBC}") = "[02] Initialize Direct3D 11", "[02] Initialize Direct3D 11\[02] Initialize Direct3D 11.csproj", "{232B4604-91B8-4A7B-BAE0-11FDE3F78BE4}"
EndProject
Project("{FAE04EC0-301F-11D3-BF4B-00C04F79EFBC}") = "[03] First Drawing!", "[03] First Drawing!\[03] First Drawing!.csproj", "{02805997-785B-41F3-B1E4-78CC1BE99032}"
EndProject
Project("{FAE04EC0-301F-11D3-BF4B-00C04F79EFBC}") = "[04] Color!", "[04] Color!\[04] Color!.csproj", "{5FE63E49-2D0D-4F01-B20E-03656D5F1335}"
EndProject
Project("{FAE04EC0-301F-11D3-BF4B-00C04F79EFBC}") = "[05] Indices", "[05] Indices\[05] Indices.csproj", "{16C87FAC-A668-4223-BED3-EBBE27032632}"
EndProject
Project("{FAE04EC0-301F-11D3-BF4B-00C04F79EFBC}") = "[06] Depth Testing", "[06] Depth Testing\[06] Depth Testing.csproj", "{0E4F0372-846D-45D0-83A5-3CEEC1A56739}"
EndProject
Project("{FAE04EC0-301F-11D3-BF4B-00C04F79EFBC}") = "[07] World, View and Projection", "[07] World, View and Projection\[07] World, View and Projection.csproj", "{997B7742-0DB2-4089-83AB-756AAC4A1643}"
EndProject
Project("{FAE04EC0-301F-11D3-BF4B-00C04F79EFBC}") = "[08] Transformations", "[08] Transformations\[08] Transformations.csproj", "{2404D318-35FD-4DD3-9C06-4F0F87317357}"
EndProject
Project("{FAE04EC0-301F-11D3-BF4B-00C04F79EFBC}") = "[09] Render states", "[09] Render states\[09] Render states.csproj", "{9EBC1A36-6E84-42BF-9A63-CBFF6632636C}"
EndProject
Project("{FAE04EC0-301F-11D3-BF4B-00C04F79EFBC}") = "[10] Textures", "[10] Textures\[10] Textures.csproj", "{4AB676C0-7339-4A21-996C-105C08878172}"
EndProject
Project("{FAE04EC0-301F-11D3-BF4B-00C04F79EFBC}") = "[11] Load Mesh with Assimp", "[11] Load Mesh with Assimp\[11] Load Mesh with Assimp.csproj", "{9F82A7DC-D09E-4953-B0FC-CA3AA1F640DF}"
EndProject
Project("{FAE04EC0-301F-11D3-BF4B-00C04F79EFBC}") = "[12] Diffuse Lighting", "[12] Diffuse Lighting\[12] Diffuse Lighting.csproj", "{7D2E4C78-0760-4F01-9FEC-1A531BF23C15}"
EndProject
Project("{FAE04EC0-301F-11D3-BF4B-00C04F79EFBC}") = "[13] Framework", "[13] Framework\[13] Framework.csproj", "{02607B46-6B45-48CD-923C-BB82B8A0A33E}"
EndProject
Project("{FAE04EC0-301F-11D3-BF4B-00C04F79EFBC}") = "[14] Ambient Lighting", "[14] Ambient Lighting\[14] Ambient Lighting.csproj", "{82C59DC5-8488-4A1E-B1F8-061FAF6775ED}"
EndProject
Project("{FAE04EC0-301F-11D3-BF4B-00C04F79EFBC}") = "[15] Specular Lighting", "[15] Specular Lighting\[15] Specular Lighting.csproj", "{1C289452-81F9-41AA-87D3-191574A95FA4}"
EndProject
Project("{9A19103F-16F7-4668-BE54-9A1E7A4F7556}") = "Desktop.SDL", "..\..\iTz Fury Engine\iTz-Fury\Src\iTz Fury\Fury.SDL\Desktop.SDL.csproj", "{E750ADF6-0DD3-4F36-A5A6-8F63211727EB}"
EndProject
Project("{2150E333-8FDC-42A3-9474-1A3956D46DE8}") = "Common", "Common", "{9187D8DB-F556-4F0A-91F9-2E7B83A42AAB}"
EndProject
Global
	GlobalSection(SolutionConfigurationPlatforms) = preSolution
		Debug|Any CPU = Debug|Any CPU
		Release|Any CPU = Release|Any CPU
	EndGlobalSection
	GlobalSection(ProjectConfigurationPlatforms) = postSolution
		{B227F6FE-F37E-4A59-B164-3C4055F73D22}.Debug|Any CPU.ActiveCfg = Debug|Any CPU
		{B227F6FE-F37E-4A59-B164-3C4055F73D22}.Debug|Any CPU.Build.0 = Debug|Any CPU
		{B227F6FE-F37E-4A59-B164-3C4055F73D22}.Release|Any CPU.ActiveCfg = Release|Any CPU
		{B227F6FE-F37E-4A59-B164-3C4055F73D22}.Release|Any CPU.Build.0 = Release|Any CPU
		{232B4604-91B8-4A7B-BAE0-11FDE3F78BE4}.Debug|Any CPU.ActiveCfg = Debug|Any CPU
		{232B4604-91B8-4A7B-BAE0-11FDE3F78BE4}.Debug|Any CPU.Build.0 = Debug|Any CPU
		{232B4604-91B8-4A7B-BAE0-11FDE3F78BE4}.Release|Any CPU.ActiveCfg = Release|Any CPU
		{232B4604-91B8-4A7B-BAE0-11FDE3F78BE4}.Release|Any CPU.Build.0 = Release|Any CPU
		{02805997-785B-41F3-B1E4-78CC1BE99032}.Debug|Any CPU.ActiveCfg = Debug|Any CPU
		{02805997-785B-41F3-B1E4-78CC1BE99032}.Debug|Any CPU.Build.0 = Debug|Any CPU
		{02805997-785B-41F3-B1E4-78CC1BE99032}.Release|Any CPU.ActiveCfg = Release|Any CPU
		{02805997-785B-41F3-B1E4-78CC1BE99032}.Release|Any CPU.Build.0 = Release|Any CPU
		{5FE63E49-2D0D-4F01-B20E-03656D5F1335}.Debug|Any CPU.ActiveCfg = Debug|Any CPU
		{5FE63E49-2D0D-4F01-B20E-03656D5F1335}.Debug|Any CPU.Build.0 = Debug|Any CPU
		{5FE63E49-2D0D-4F01-B20E-03656D5F1335}.Release|Any CPU.ActiveCfg = Release|Any CPU
		{5FE63E49-2D0D-4F01-B20E-03656D5F1335}.Release|Any CPU.Build.0 = Release|Any CPU
		{16C87FAC-A668-4223-BED3-EBBE27032632}.Debug|Any CPU.ActiveCfg = Debug|Any CPU
		{16C87FAC-A668-4223-BED3-EBBE27032632}.Debug|Any CPU.Build.0 = Debug|Any CPU
		{16C87FAC-A668-4223-BED3-EBBE27032632}.Release|Any CPU.ActiveCfg = Release|Any CPU
		{16C87FAC-A668-4223-BED3-EBBE27032632}.Release|Any CPU.Build.0 = Release|Any CPU
		{0E4F0372-846D-45D0-83A5-3CEEC1A56739}.Debug|Any CPU.ActiveCfg = Debug|Any CPU
		{0E4F0372-846D-45D0-83A5-3CEEC1A56739}.Debug|Any CPU.Build.0 = Debug|Any CPU
		{0E4F0372-846D-45D0-83A5-3CEEC1A56739}.Release|Any CPU.ActiveCfg = Release|Any CPU
		{0E4F0372-846D-45D0-83A5-3CEEC1A56739}.Release|Any CPU.Build.0 = Release|Any CPU
		{997B7742-0DB2-4089-83AB-756AAC4A1643}.Debug|Any CPU.ActiveCfg = Debug|Any CPU
		{997B7742-0DB2-4089-83AB-756AAC4A1643}.Debug|Any CPU.Build.0 = Debug|Any CPU
		{997B7742-0DB2-4089-83AB-756AAC4A1643}.Release|Any CPU.ActiveCfg = Release|Any CPU
		{997B7742-0DB2-4089-83AB-756AAC4A1643}.Release|Any CPU.Build.0 = Release|Any CPU
		{2404D318-35FD-4DD3-9C06-4F0F87317357}.Debug|Any CPU.ActiveCfg = Debug|Any CPU
		{2404D318-35FD-4DD3-9C06-4F0F87317357}.Debug|Any CPU.Build.0 = Debug|Any CPU
		{2404D318-35FD-4DD3-9C06-4F0F87317357}.Release|Any CPU.ActiveCfg = Release|Any CPU
		{2404D318-35FD-4DD3-9C06-4F0F87317357}.Release|Any CPU.Build.0 = Release|Any CPU
		{9EBC1A36-6E84-42BF-9A63-CBFF6632636C}.Debug|Any CPU.ActiveCfg = Debug|Any CPU
		{9EBC1A36-6E84-42BF-9A63-CBFF6632636C}.Debug|Any CPU.Build.0 = Debug|Any CPU
		{9EBC1A36-6E84-42BF-9A63-CBFF6632636C}.Release|Any CPU.ActiveCfg = Release|Any CPU
		{9EBC1A36-6E84-42BF-9A63-CBFF6632636C}.Release|Any CPU.Build.0 = Release|Any CPU
		{4AB676C0-7339-4A21-996C-105C08878172}.Debug|Any CPU.ActiveCfg = Debug|Any CPU
		{4AB676C0-7339-4A21-996C-105C08878172}.Debug|Any CPU.Build.0 = Debug|Any CPU
		{4AB676C0-7339-4A21-996C-105C08878172}.Release|Any CPU.ActiveCfg = Release|Any CPU
		{4AB676C0-7339-4A21-996C-105C08878172}.Release|Any CPU.Build.0 = Release|Any CPU
		{9F82A7DC-D09E-4953-B0FC-CA3AA1F640DF}.Debug|Any CPU.ActiveCfg = Debug|Any CPU
		{9F82A7DC-D09E-4953-B0FC-CA3AA1F640DF}.Debug|Any CPU.Build.0 = Debug|Any CPU
		{9F82A7DC-D09E-4953-B0FC-CA3AA1F640DF}.Release|Any CPU.ActiveCfg = Release|Any CPU
		{9F82A7DC-D09E-4953-B0FC-CA3AA1F640DF}.Release|Any CPU.Build.0 = Release|Any CPU
		{7D2E4C78-0760-4F01-9FEC-1A531BF23C15}.Debug|Any CPU.ActiveCfg = Debug|Any CPU
		{7D2E4C78-0760-4F01-9FEC-1A531BF23C15}.Debug|Any CPU.Build.0 = Debug|Any CPU
		{7D2E4C78-0760-4F01-9FEC-1A531BF23C15}.Release|Any CPU.ActiveCfg = Release|Any CPU
		{7D2E4C78-0760-4F01-9FEC-1A531BF23C15}.Release|Any CPU.Build.0 = Release|Any CPU
		{02607B46-6B45-48CD-923C-BB82B8A0A33E}.Debug|Any CPU.ActiveCfg = Debug|Any CPU
		{02607B46-6B45-48CD-923C-BB82B8A0A33E}.Debug|Any CPU.Build.0 = Debug|Any CPU
		{02607B46-6B45-48CD-923C-BB82B8A0A33E}.Release|Any CPU.ActiveCfg = Release|Any CPU
		{02607B46-6B45-48CD-923C-BB82B8A0A33E}.Release|Any CPU.Build.0 = Release|Any CPU
		{82C59DC5-8488-4A1E-B1F8-061FAF6775ED}.Debug|Any CPU.ActiveCfg = Debug|Any CPU
		{82C59DC5-8488-4A1E-B1F8-061FAF6775ED}.Debug|Any CPU.Build.0 = Debug|Any CPU
		{82C59DC5-8488-4A1E-B1F8-061FAF6775ED}.Release|Any CPU.ActiveCfg = Release|Any CPU
		{82C59DC5-8488-4A1E-B1F8-061FAF6775ED}.Release|Any CPU.Build.0 = Release|Any CPU
		{1C289452-81F9-41AA-87D3-191574A95FA4}.Debug|Any CPU.ActiveCfg = Debug|Any CPU
		{1C289452-81F9-41AA-87D3-191574A95FA4}.Debug|Any CPU.Build.0 = Debug|Any CPU
		{1C289452-81F9-41AA-87D3-191574A95FA4}.Release|Any CPU.ActiveCfg = Release|Any CPU
		{1C289452-81F9-41AA-87D3-191574A95FA4}.Release|Any CPU.Build.0 = Release|Any CPU
		{E750ADF6-0DD3-4F36-A5A6-8F63211727EB}.Debug|Any CPU.ActiveCfg = Debug|Any CPU
		{E750ADF6-0DD3-4F36-A5A6-8F63211727EB}.Debug|Any CPU.Build.0 = Debug|Any CPU
		{E750ADF6-0DD3-4F36-A5A6-8F63211727EB}.Release|Any CPU.ActiveCfg = Release|Any CPU
		{E750ADF6-0DD3-4F36-A5A6-8F63211727EB}.Release|Any CPU.Build.0 = Release|Any CPU
	EndGlobalSection
	GlobalSection(SolutionProperties) = preSolution
		HideSolutionNode = FALSE
	EndGlobalSection
	GlobalSection(NestedProjects) = preSolution
		{E750ADF6-0DD3-4F36-A5A6-8F63211727EB} = {9187D8DB-F556-4F0A-91F9-2E7B83A42AAB}
	EndGlobalSection
	GlobalSection(ExtensibilityGlobals) = postSolution
		SolutionGuid = {DF5AB6C2-A418-43A2-91F2-4D7B9B083CF6}
	EndGlobalSection
EndGlobal
