
Microsoft Visual Studio Solution File, Format Version 12.00
# Visual Studio Version 16
VisualStudioVersion = 16.0.28917.182
MinimumVisualStudioVersion = 10.0.40219.1
Project("{9A19103F-16F7-4668-BE54-9A1E7A4F7556}") = "Samples", "Samples\Samples.csproj", "{15E38A64-357C-4350-ABAF-C73A3C8CD123}"
EndProject
Project("{9A19103F-16F7-4668-BE54-9A1E7A4F7556}") = "Vultaik", "Vultaik\Vultaik.csproj", "{B80E972B-8746-4967-988E-DCFE0124F301}"
EndProject
Project("{9A19103F-16F7-4668-BE54-9A1E7A4F7556}") = "Vultaik.Toolkit", "Vultaik.Toolkit\Vultaik.Toolkit.csproj", "{9B28DE4A-0388-400A-A254-E512AE081852}"
EndProject
Project("{FAE04EC0-301F-11D3-BF4B-00C04F79EFBC}") = "Vultaik.Test", "Vultaik.Test\Vultaik.Test.csproj", "{EBB14ABF-76BD-43E7-AA45-77055CD55A1F}"
EndProject
Global
	GlobalSection(SolutionConfigurationPlatforms) = preSolution
		Debug|Any CPU = Debug|Any CPU
		Release|Any CPU = Release|Any CPU
	EndGlobalSection
	GlobalSection(ProjectConfigurationPlatforms) = postSolution
		{15E38A64-357C-4350-ABAF-C73A3C8CD123}.Debug|Any CPU.ActiveCfg = Debug|Any CPU
		{15E38A64-357C-4350-ABAF-C73A3C8CD123}.Debug|Any CPU.Build.0 = Debug|Any CPU
		{15E38A64-357C-4350-ABAF-C73A3C8CD123}.Release|Any CPU.ActiveCfg = Release|Any CPU
		{15E38A64-357C-4350-ABAF-C73A3C8CD123}.Release|Any CPU.Build.0 = Release|Any CPU
		{B80E972B-8746-4967-988E-DCFE0124F301}.Debug|Any CPU.ActiveCfg = Debug|Any CPU
		{B80E972B-8746-4967-988E-DCFE0124F301}.Debug|Any CPU.Build.0 = Debug|Any CPU
		{B80E972B-8746-4967-988E-DCFE0124F301}.Release|Any CPU.ActiveCfg = Release|Any CPU
		{B80E972B-8746-4967-988E-DCFE0124F301}.Release|Any CPU.Build.0 = Release|Any CPU
		{9B28DE4A-0388-400A-A254-E512AE081852}.Debug|Any CPU.ActiveCfg = Debug|Any CPU
		{9B28DE4A-0388-400A-A254-E512AE081852}.Debug|Any CPU.Build.0 = Debug|Any CPU
		{9B28DE4A-0388-400A-A254-E512AE081852}.Release|Any CPU.ActiveCfg = Release|Any CPU
		{9B28DE4A-0388-400A-A254-E512AE081852}.Release|Any CPU.Build.0 = Release|Any CPU
		{EBB14ABF-76BD-43E7-AA45-77055CD55A1F}.Debug|Any CPU.ActiveCfg = Debug|Any CPU
		{EBB14ABF-76BD-43E7-AA45-77055CD55A1F}.Debug|Any CPU.Build.0 = Debug|Any CPU
		{EBB14ABF-76BD-43E7-AA45-77055CD55A1F}.Release|Any CPU.ActiveCfg = Release|Any CPU
		{EBB14ABF-76BD-43E7-AA45-77055CD55A1F}.Release|Any CPU.Build.0 = Release|Any CPU
	EndGlobalSection
	GlobalSection(SolutionProperties) = preSolution
		HideSolutionNode = FALSE
	EndGlobalSection
	GlobalSection(ExtensibilityGlobals) = postSolution
		SolutionGuid = {B8E61D02-37D1-4E1F-BE03-0BC63026AB78}
	EndGlobalSection
EndGlobal
