
Microsoft Visual Studio Solution File, Format Version 12.00
# Visual Studio Version 16
VisualStudioVersion = 16.0.28917.182
MinimumVisualStudioVersion = 10.0.40219.1
Project("{9A19103F-16F7-4668-BE54-9A1E7A4F7556}") = "Zeckoxe.Core", "Zeckoxe.Core\Zeckoxe.Core.csproj", "{C6AD4F88-09FA-4DE0-85F7-81A890E45D58}"
EndProject
Project("{9A19103F-16F7-4668-BE54-9A1E7A4F7556}") = "Zeckoxe.Collections", "Zeckoxe.Collections\Zeckoxe.Collections.csproj", "{20AEAB35-ABE7-409C-A77D-3703AB3F178B}"
EndProject
Project("{9A19103F-16F7-4668-BE54-9A1E7A4F7556}") = "Zeckoxe.Engine", "Zeckoxe.Engine\Zeckoxe.Engine.csproj", "{6F3D0642-0854-4A9B-BEF4-DCCE0763516A}"
EndProject
Project("{9A19103F-16F7-4668-BE54-9A1E7A4F7556}") = "Zeckoxe.Mathematics", "Zeckoxe.Mathematics\Zeckoxe.Mathematics.csproj", "{7092F6B2-0ACF-419C-A101-7A472AF078A0}"
EndProject
Project("{9A19103F-16F7-4668-BE54-9A1E7A4F7556}") = "Zeckoxe.Image", "Zeckoxe.Image\Zeckoxe.Image.csproj", "{A6CD8E2B-3458-42DE-9550-FBE75065B557}"
EndProject
Project("{9A19103F-16F7-4668-BE54-9A1E7A4F7556}") = "Zeckoxe.Desktop", "Zeckoxe.Desktop\Zeckoxe.Desktop.csproj", "{DE2E4494-049F-42D1-ADD5-B4A59F3E497A}"
EndProject
Project("{9A19103F-16F7-4668-BE54-9A1E7A4F7556}") = "Zeckoxe.Input", "Zeckoxe.Input\Zeckoxe.Input.csproj", "{E25B5E8C-CA51-4702-9236-95B44D9459AB}"
EndProject
Project("{9A19103F-16F7-4668-BE54-9A1E7A4F7556}") = "Zeckoxe.Audio", "Zeckoxe.Audio\Zeckoxe.Audio.csproj", "{5503DA91-504B-470D-9203-9BB9A33A3054}"
EndProject
Project("{9A19103F-16F7-4668-BE54-9A1E7A4F7556}") = "Zeckoxe.GLTF", "Zeckoxe.GLTF\Zeckoxe.GLTF.csproj", "{74DCF63A-4D13-4DAF-9FC9-BEE43385D94D}"
EndProject
Project("{9A19103F-16F7-4668-BE54-9A1E7A4F7556}") = "Zeckoxe.Graphics", "Zeckoxe.Graphics\Zeckoxe.Graphics.csproj", "{5B2D9D0F-C52A-4C0D-809A-343E82975851}"
EndProject
Project("{9A19103F-16F7-4668-BE54-9A1E7A4F7556}") = "01-ClearScreen", "01-ClearScreen\01-ClearScreen.csproj", "{792BFC52-0575-41C1-A9CF-EEAC37BD0C25}"
EndProject
Project("{FAE04EC0-301F-11D3-BF4B-00C04F79EFBC}") = "02-Hello Triangle", "02-Hello Triangle\02-Hello Triangle.csproj", "{6FD5A0C0-5EDB-4E64-9178-F17D2F3E94B9}"
EndProject
Global
	GlobalSection(SolutionConfigurationPlatforms) = preSolution
		Debug|Any CPU = Debug|Any CPU
		Release|Any CPU = Release|Any CPU
	EndGlobalSection
	GlobalSection(ProjectConfigurationPlatforms) = postSolution
		{C6AD4F88-09FA-4DE0-85F7-81A890E45D58}.Debug|Any CPU.ActiveCfg = Debug|Any CPU
		{C6AD4F88-09FA-4DE0-85F7-81A890E45D58}.Debug|Any CPU.Build.0 = Debug|Any CPU
		{C6AD4F88-09FA-4DE0-85F7-81A890E45D58}.Release|Any CPU.ActiveCfg = Release|Any CPU
		{C6AD4F88-09FA-4DE0-85F7-81A890E45D58}.Release|Any CPU.Build.0 = Release|Any CPU
		{20AEAB35-ABE7-409C-A77D-3703AB3F178B}.Debug|Any CPU.ActiveCfg = Debug|Any CPU
		{20AEAB35-ABE7-409C-A77D-3703AB3F178B}.Debug|Any CPU.Build.0 = Debug|Any CPU
		{20AEAB35-ABE7-409C-A77D-3703AB3F178B}.Release|Any CPU.ActiveCfg = Release|Any CPU
		{20AEAB35-ABE7-409C-A77D-3703AB3F178B}.Release|Any CPU.Build.0 = Release|Any CPU
		{6F3D0642-0854-4A9B-BEF4-DCCE0763516A}.Debug|Any CPU.ActiveCfg = Debug|Any CPU
		{6F3D0642-0854-4A9B-BEF4-DCCE0763516A}.Debug|Any CPU.Build.0 = Debug|Any CPU
		{6F3D0642-0854-4A9B-BEF4-DCCE0763516A}.Release|Any CPU.ActiveCfg = Release|Any CPU
		{6F3D0642-0854-4A9B-BEF4-DCCE0763516A}.Release|Any CPU.Build.0 = Release|Any CPU
		{7092F6B2-0ACF-419C-A101-7A472AF078A0}.Debug|Any CPU.ActiveCfg = Debug|Any CPU
		{7092F6B2-0ACF-419C-A101-7A472AF078A0}.Debug|Any CPU.Build.0 = Debug|Any CPU
		{7092F6B2-0ACF-419C-A101-7A472AF078A0}.Release|Any CPU.ActiveCfg = Release|Any CPU
		{7092F6B2-0ACF-419C-A101-7A472AF078A0}.Release|Any CPU.Build.0 = Release|Any CPU
		{A6CD8E2B-3458-42DE-9550-FBE75065B557}.Debug|Any CPU.ActiveCfg = Debug|Any CPU
		{A6CD8E2B-3458-42DE-9550-FBE75065B557}.Debug|Any CPU.Build.0 = Debug|Any CPU
		{A6CD8E2B-3458-42DE-9550-FBE75065B557}.Release|Any CPU.ActiveCfg = Release|Any CPU
		{A6CD8E2B-3458-42DE-9550-FBE75065B557}.Release|Any CPU.Build.0 = Release|Any CPU
		{DE2E4494-049F-42D1-ADD5-B4A59F3E497A}.Debug|Any CPU.ActiveCfg = Debug|Any CPU
		{DE2E4494-049F-42D1-ADD5-B4A59F3E497A}.Debug|Any CPU.Build.0 = Debug|Any CPU
		{DE2E4494-049F-42D1-ADD5-B4A59F3E497A}.Release|Any CPU.ActiveCfg = Release|Any CPU
		{DE2E4494-049F-42D1-ADD5-B4A59F3E497A}.Release|Any CPU.Build.0 = Release|Any CPU
		{E25B5E8C-CA51-4702-9236-95B44D9459AB}.Debug|Any CPU.ActiveCfg = Debug|Any CPU
		{E25B5E8C-CA51-4702-9236-95B44D9459AB}.Debug|Any CPU.Build.0 = Debug|Any CPU
		{E25B5E8C-CA51-4702-9236-95B44D9459AB}.Release|Any CPU.ActiveCfg = Release|Any CPU
		{E25B5E8C-CA51-4702-9236-95B44D9459AB}.Release|Any CPU.Build.0 = Release|Any CPU
		{5503DA91-504B-470D-9203-9BB9A33A3054}.Debug|Any CPU.ActiveCfg = Debug|Any CPU
		{5503DA91-504B-470D-9203-9BB9A33A3054}.Debug|Any CPU.Build.0 = Debug|Any CPU
		{5503DA91-504B-470D-9203-9BB9A33A3054}.Release|Any CPU.ActiveCfg = Release|Any CPU
		{5503DA91-504B-470D-9203-9BB9A33A3054}.Release|Any CPU.Build.0 = Release|Any CPU
		{74DCF63A-4D13-4DAF-9FC9-BEE43385D94D}.Debug|Any CPU.ActiveCfg = Debug|Any CPU
		{74DCF63A-4D13-4DAF-9FC9-BEE43385D94D}.Debug|Any CPU.Build.0 = Debug|Any CPU
		{74DCF63A-4D13-4DAF-9FC9-BEE43385D94D}.Release|Any CPU.ActiveCfg = Release|Any CPU
		{74DCF63A-4D13-4DAF-9FC9-BEE43385D94D}.Release|Any CPU.Build.0 = Release|Any CPU
		{5B2D9D0F-C52A-4C0D-809A-343E82975851}.Debug|Any CPU.ActiveCfg = Debug|Any CPU
		{5B2D9D0F-C52A-4C0D-809A-343E82975851}.Debug|Any CPU.Build.0 = Debug|Any CPU
		{5B2D9D0F-C52A-4C0D-809A-343E82975851}.Release|Any CPU.ActiveCfg = Release|Any CPU
		{5B2D9D0F-C52A-4C0D-809A-343E82975851}.Release|Any CPU.Build.0 = Release|Any CPU
		{792BFC52-0575-41C1-A9CF-EEAC37BD0C25}.Debug|Any CPU.ActiveCfg = Debug|Any CPU
		{792BFC52-0575-41C1-A9CF-EEAC37BD0C25}.Debug|Any CPU.Build.0 = Debug|Any CPU
		{792BFC52-0575-41C1-A9CF-EEAC37BD0C25}.Release|Any CPU.ActiveCfg = Release|Any CPU
		{792BFC52-0575-41C1-A9CF-EEAC37BD0C25}.Release|Any CPU.Build.0 = Release|Any CPU
		{6FD5A0C0-5EDB-4E64-9178-F17D2F3E94B9}.Debug|Any CPU.ActiveCfg = Debug|Any CPU
		{6FD5A0C0-5EDB-4E64-9178-F17D2F3E94B9}.Debug|Any CPU.Build.0 = Debug|Any CPU
		{6FD5A0C0-5EDB-4E64-9178-F17D2F3E94B9}.Release|Any CPU.ActiveCfg = Release|Any CPU
		{6FD5A0C0-5EDB-4E64-9178-F17D2F3E94B9}.Release|Any CPU.Build.0 = Release|Any CPU
	EndGlobalSection
	GlobalSection(SolutionProperties) = preSolution
		HideSolutionNode = FALSE
	EndGlobalSection
	GlobalSection(ExtensibilityGlobals) = postSolution
		SolutionGuid = {B8E61D02-37D1-4E1F-BE03-0BC63026AB78}
	EndGlobalSection
EndGlobal
